
Microsoft Visual Studio Solution File, Format Version 12.00
# Visual Studio Version 17
VisualStudioVersion = 17.12.35527.113 d17.12
MinimumVisualStudioVersion = 10.0.40219.1
Project("{FAE04EC0-301F-11D3-BF4B-00C04F79EFBC}") = "BF25-CSharp-Base-Demos", "BF25-CSharp-Base-Demos\BF25-CSharp-Base-Demos.csproj", "{15BA9767-3BC4-4E64-BA59-C20987554E19}"
EndProject
Project("{FAE04EC0-301F-11D3-BF4B-00C04F79EFBC}") = "Demo01_HelloWorld", "Demo01_HelloWorld\Demo01_HelloWorld.csproj", "{69F7376C-3C5A-4A76-8DD1-79BD079A77BC}"
EndProject
Project("{FAE04EC0-301F-11D3-BF4B-00C04F79EFBC}") = "Demo02_Variables", "Demo02_Variables\Demo02_Variables.csproj", "{D63DD9A7-B092-4B87-AAAE-F8E30E884AD8}"
EndProject
Project("{FAE04EC0-301F-11D3-BF4B-00C04F79EFBC}") = "Demo03_Swap", "Demo03_Swap\Demo03_Swap.csproj", "{D00627DE-A3C3-4CB9-AF0F-E94342A98486}"
EndProject
Global
	GlobalSection(SolutionConfigurationPlatforms) = preSolution
		Debug|Any CPU = Debug|Any CPU
		Release|Any CPU = Release|Any CPU
	EndGlobalSection
	GlobalSection(ProjectConfigurationPlatforms) = postSolution
		{15BA9767-3BC4-4E64-BA59-C20987554E19}.Debug|Any CPU.ActiveCfg = Debug|Any CPU
		{15BA9767-3BC4-4E64-BA59-C20987554E19}.Debug|Any CPU.Build.0 = Debug|Any CPU
		{15BA9767-3BC4-4E64-BA59-C20987554E19}.Release|Any CPU.ActiveCfg = Release|Any CPU
		{15BA9767-3BC4-4E64-BA59-C20987554E19}.Release|Any CPU.Build.0 = Release|Any CPU
		{69F7376C-3C5A-4A76-8DD1-79BD079A77BC}.Debug|Any CPU.ActiveCfg = Debug|Any CPU
		{69F7376C-3C5A-4A76-8DD1-79BD079A77BC}.Debug|Any CPU.Build.0 = Debug|Any CPU
		{69F7376C-3C5A-4A76-8DD1-79BD079A77BC}.Release|Any CPU.ActiveCfg = Release|Any CPU
		{69F7376C-3C5A-4A76-8DD1-79BD079A77BC}.Release|Any CPU.Build.0 = Release|Any CPU
		{D63DD9A7-B092-4B87-AAAE-F8E30E884AD8}.Debug|Any CPU.ActiveCfg = Debug|Any CPU
		{D63DD9A7-B092-4B87-AAAE-F8E30E884AD8}.Debug|Any CPU.Build.0 = Debug|Any CPU
		{D63DD9A7-B092-4B87-AAAE-F8E30E884AD8}.Release|Any CPU.ActiveCfg = Release|Any CPU
		{D63DD9A7-B092-4B87-AAAE-F8E30E884AD8}.Release|Any CPU.Build.0 = Release|Any CPU
		{D00627DE-A3C3-4CB9-AF0F-E94342A98486}.Debug|Any CPU.ActiveCfg = Debug|Any CPU
		{D00627DE-A3C3-4CB9-AF0F-E94342A98486}.Debug|Any CPU.Build.0 = Debug|Any CPU
		{D00627DE-A3C3-4CB9-AF0F-E94342A98486}.Release|Any CPU.ActiveCfg = Release|Any CPU
		{D00627DE-A3C3-4CB9-AF0F-E94342A98486}.Release|Any CPU.Build.0 = Release|Any CPU
	EndGlobalSection
	GlobalSection(SolutionProperties) = preSolution
		HideSolutionNode = FALSE
	EndGlobalSection
EndGlobal
