
Microsoft Visual Studio Solution File, Format Version 12.00
# Visual Studio Version 17
VisualStudioVersion = 17.12.35527.113
MinimumVisualStudioVersion = 10.0.40219.1
Project("{FAE04EC0-301F-11D3-BF4B-00C04F79EFBC}") = "BF25-CSharp-Base-Demos", "BF25-CSharp-Base-Demos\BF25-CSharp-Base-Demos.csproj", "{15BA9767-3BC4-4E64-BA59-C20987554E19}"
EndProject
Project("{FAE04EC0-301F-11D3-BF4B-00C04F79EFBC}") = "Demo01_HelloWorld", "Demo01_HelloWorld\Demo01_HelloWorld.csproj", "{69F7376C-3C5A-4A76-8DD1-79BD079A77BC}"
EndProject
Project("{FAE04EC0-301F-11D3-BF4B-00C04F79EFBC}") = "Demo02_Variables", "Demo02_Variables\Demo02_Variables.csproj", "{D63DD9A7-B092-4B87-AAAE-F8E30E884AD8}"
EndProject
Project("{FAE04EC0-301F-11D3-BF4B-00C04F79EFBC}") = "Demo03_Swap", "Demo03_Swap\Demo03_Swap.csproj", "{D00627DE-A3C3-4CB9-AF0F-E94342A98486}"
EndProject
Project("{FAE04EC0-301F-11D3-BF4B-00C04F79EFBC}") = "Demo04_Types_Numeriques", "Demo04_Types_Numeriques\Demo04_Types_Numeriques.csproj", "{832201D8-D3F3-49D9-93DB-200FCCA1AFAE}"
EndProject
Project("{FAE04EC0-301F-11D3-BF4B-00C04F79EFBC}") = "Demo05_Types_Caracteres", "Demo05_Types_Caracteres\Demo05_Types_Caracteres.csproj", "{EF45F0C2-2535-44E0-AB2E-AC01B03E8636}"
EndProject
Project("{FAE04EC0-301F-11D3-BF4B-00C04F79EFBC}") = "Demo06_Types_Dates", "Demo06_Types_Dates\Demo06_Types_Dates.csproj", "{01273690-D02C-43A2-8E54-99DA3489758C}"
EndProject
Project("{FAE04EC0-301F-11D3-BF4B-00C04F79EFBC}") = "Demo07_Conversion", "Demo07_Conversion\Demo07_Conversion.csproj", "{EBD3335B-92B6-4657-A21A-82111E3C777E}"
EndProject
Project("{FAE04EC0-301F-11D3-BF4B-00C04F79EFBC}") = "Demo08_Types_Bool", "Demo08_Types_Bool\Demo08_Types_Bool.csproj", "{BCC93F61-4BB6-40EB-BAB5-24E50ADEB3DA}"
EndProject
Project("{FAE04EC0-301F-11D3-BF4B-00C04F79EFBC}") = "Demo09_Operateurs", "Demo09_Operateurs\Demo09_Operateurs.csproj", "{0E90B941-DD48-4CFE-91DD-9FE4D68E30C9}"
EndProject
Project("{FAE04EC0-301F-11D3-BF4B-00C04F79EFBC}") = "Demo10_Structures_Conditionnelles", "Demo10_Structures_Conditionnelles\Demo10_Structures_Conditionnelles.csproj", "{F9AB4011-8330-44DE-A038-2A82A0A6C11B}"
EndProject
Project("{FAE04EC0-301F-11D3-BF4B-00C04F79EFBC}") = "Demo11_Boucles", "Demo11_Boucles\Demo11_Boucles.csproj", "{C32C47BA-A660-49E3-B0B1-E5FF9CC1F1B9}"
EndProject
Project("{FAE04EC0-301F-11D3-BF4B-00C04F79EFBC}") = "Demo12_Tableaux", "Demo12_Tableaux\Demo12_Tableaux.csproj", "{AB7E93F9-CFDD-415C-8613-DCDCD6237CA9}"
EndProject
Global
	GlobalSection(SolutionConfigurationPlatforms) = preSolution
		Debug|Any CPU = Debug|Any CPU
		Release|Any CPU = Release|Any CPU
	EndGlobalSection
	GlobalSection(ProjectConfigurationPlatforms) = postSolution
		{15BA9767-3BC4-4E64-BA59-C20987554E19}.Debug|Any CPU.ActiveCfg = Debug|Any CPU
		{15BA9767-3BC4-4E64-BA59-C20987554E19}.Debug|Any CPU.Build.0 = Debug|Any CPU
		{15BA9767-3BC4-4E64-BA59-C20987554E19}.Release|Any CPU.ActiveCfg = Release|Any CPU
		{15BA9767-3BC4-4E64-BA59-C20987554E19}.Release|Any CPU.Build.0 = Release|Any CPU
		{69F7376C-3C5A-4A76-8DD1-79BD079A77BC}.Debug|Any CPU.ActiveCfg = Debug|Any CPU
		{69F7376C-3C5A-4A76-8DD1-79BD079A77BC}.Debug|Any CPU.Build.0 = Debug|Any CPU
		{69F7376C-3C5A-4A76-8DD1-79BD079A77BC}.Release|Any CPU.ActiveCfg = Release|Any CPU
		{69F7376C-3C5A-4A76-8DD1-79BD079A77BC}.Release|Any CPU.Build.0 = Release|Any CPU
		{D63DD9A7-B092-4B87-AAAE-F8E30E884AD8}.Debug|Any CPU.ActiveCfg = Debug|Any CPU
		{D63DD9A7-B092-4B87-AAAE-F8E30E884AD8}.Debug|Any CPU.Build.0 = Debug|Any CPU
		{D63DD9A7-B092-4B87-AAAE-F8E30E884AD8}.Release|Any CPU.ActiveCfg = Release|Any CPU
		{D63DD9A7-B092-4B87-AAAE-F8E30E884AD8}.Release|Any CPU.Build.0 = Release|Any CPU
		{D00627DE-A3C3-4CB9-AF0F-E94342A98486}.Debug|Any CPU.ActiveCfg = Debug|Any CPU
		{D00627DE-A3C3-4CB9-AF0F-E94342A98486}.Debug|Any CPU.Build.0 = Debug|Any CPU
		{D00627DE-A3C3-4CB9-AF0F-E94342A98486}.Release|Any CPU.ActiveCfg = Release|Any CPU
		{D00627DE-A3C3-4CB9-AF0F-E94342A98486}.Release|Any CPU.Build.0 = Release|Any CPU
		{832201D8-D3F3-49D9-93DB-200FCCA1AFAE}.Debug|Any CPU.ActiveCfg = Debug|Any CPU
		{832201D8-D3F3-49D9-93DB-200FCCA1AFAE}.Debug|Any CPU.Build.0 = Debug|Any CPU
		{832201D8-D3F3-49D9-93DB-200FCCA1AFAE}.Release|Any CPU.ActiveCfg = Release|Any CPU
		{832201D8-D3F3-49D9-93DB-200FCCA1AFAE}.Release|Any CPU.Build.0 = Release|Any CPU
		{EF45F0C2-2535-44E0-AB2E-AC01B03E8636}.Debug|Any CPU.ActiveCfg = Debug|Any CPU
		{EF45F0C2-2535-44E0-AB2E-AC01B03E8636}.Debug|Any CPU.Build.0 = Debug|Any CPU
		{EF45F0C2-2535-44E0-AB2E-AC01B03E8636}.Release|Any CPU.ActiveCfg = Release|Any CPU
		{EF45F0C2-2535-44E0-AB2E-AC01B03E8636}.Release|Any CPU.Build.0 = Release|Any CPU
		{01273690-D02C-43A2-8E54-99DA3489758C}.Debug|Any CPU.ActiveCfg = Debug|Any CPU
		{01273690-D02C-43A2-8E54-99DA3489758C}.Debug|Any CPU.Build.0 = Debug|Any CPU
		{01273690-D02C-43A2-8E54-99DA3489758C}.Release|Any CPU.ActiveCfg = Release|Any CPU
		{01273690-D02C-43A2-8E54-99DA3489758C}.Release|Any CPU.Build.0 = Release|Any CPU
		{EBD3335B-92B6-4657-A21A-82111E3C777E}.Debug|Any CPU.ActiveCfg = Debug|Any CPU
		{EBD3335B-92B6-4657-A21A-82111E3C777E}.Debug|Any CPU.Build.0 = Debug|Any CPU
		{EBD3335B-92B6-4657-A21A-82111E3C777E}.Release|Any CPU.ActiveCfg = Release|Any CPU
		{EBD3335B-92B6-4657-A21A-82111E3C777E}.Release|Any CPU.Build.0 = Release|Any CPU
		{BCC93F61-4BB6-40EB-BAB5-24E50ADEB3DA}.Debug|Any CPU.ActiveCfg = Debug|Any CPU
		{BCC93F61-4BB6-40EB-BAB5-24E50ADEB3DA}.Debug|Any CPU.Build.0 = Debug|Any CPU
		{BCC93F61-4BB6-40EB-BAB5-24E50ADEB3DA}.Release|Any CPU.ActiveCfg = Release|Any CPU
		{BCC93F61-4BB6-40EB-BAB5-24E50ADEB3DA}.Release|Any CPU.Build.0 = Release|Any CPU
		{0E90B941-DD48-4CFE-91DD-9FE4D68E30C9}.Debug|Any CPU.ActiveCfg = Debug|Any CPU
		{0E90B941-DD48-4CFE-91DD-9FE4D68E30C9}.Debug|Any CPU.Build.0 = Debug|Any CPU
		{0E90B941-DD48-4CFE-91DD-9FE4D68E30C9}.Release|Any CPU.ActiveCfg = Release|Any CPU
		{0E90B941-DD48-4CFE-91DD-9FE4D68E30C9}.Release|Any CPU.Build.0 = Release|Any CPU
		{F9AB4011-8330-44DE-A038-2A82A0A6C11B}.Debug|Any CPU.ActiveCfg = Debug|Any CPU
		{F9AB4011-8330-44DE-A038-2A82A0A6C11B}.Debug|Any CPU.Build.0 = Debug|Any CPU
		{F9AB4011-8330-44DE-A038-2A82A0A6C11B}.Release|Any CPU.ActiveCfg = Release|Any CPU
		{F9AB4011-8330-44DE-A038-2A82A0A6C11B}.Release|Any CPU.Build.0 = Release|Any CPU
		{C32C47BA-A660-49E3-B0B1-E5FF9CC1F1B9}.Debug|Any CPU.ActiveCfg = Debug|Any CPU
		{C32C47BA-A660-49E3-B0B1-E5FF9CC1F1B9}.Debug|Any CPU.Build.0 = Debug|Any CPU
		{C32C47BA-A660-49E3-B0B1-E5FF9CC1F1B9}.Release|Any CPU.ActiveCfg = Release|Any CPU
		{C32C47BA-A660-49E3-B0B1-E5FF9CC1F1B9}.Release|Any CPU.Build.0 = Release|Any CPU
		{AB7E93F9-CFDD-415C-8613-DCDCD6237CA9}.Debug|Any CPU.ActiveCfg = Debug|Any CPU
		{AB7E93F9-CFDD-415C-8613-DCDCD6237CA9}.Debug|Any CPU.Build.0 = Debug|Any CPU
		{AB7E93F9-CFDD-415C-8613-DCDCD6237CA9}.Release|Any CPU.ActiveCfg = Release|Any CPU
		{AB7E93F9-CFDD-415C-8613-DCDCD6237CA9}.Release|Any CPU.Build.0 = Release|Any CPU
	EndGlobalSection
	GlobalSection(SolutionProperties) = preSolution
		HideSolutionNode = FALSE
	EndGlobalSection
EndGlobal
